// !$*UTF8*$!
{
	archiveVersion = 1;
	classes = {
	};
	objectVersion = 55;
	objects = {

/* Begin PBXBuildFile section */
		87775AFE27B2AC9D007BC20A /* TestMeApp.swift in Sources */ = {isa = PBXBuildFile; fileRef = 87775AFD27B2AC9D007BC20A /* TestMeApp.swift */; };
		87775B0027B2AC9D007BC20A /* ContentView.swift in Sources */ = {isa = PBXBuildFile; fileRef = 87775AFF27B2AC9D007BC20A /* ContentView.swift */; };
		87775B0227B2ACAA007BC20A /* Assets.xcassets in Resources */ = {isa = PBXBuildFile; fileRef = 87775B0127B2ACAA007BC20A /* Assets.xcassets */; };
		87775B0527B2ACAA007BC20A /* Preview Assets.xcassets in Resources */ = {isa = PBXBuildFile; fileRef = 87775B0427B2ACAA007BC20A /* Preview Assets.xcassets */; };
		87775B0F27B2ACAA007BC20A /* TestMeTests.swift in Sources */ = {isa = PBXBuildFile; fileRef = 87775B0E27B2ACAA007BC20A /* TestMeTests.swift */; };
		87775B6527B40769007BC20A /* TestClass.swift in Sources */ = {isa = PBXBuildFile; fileRef = 87775B6427B40769007BC20A /* TestClass.swift */; };
		87A70E9927BC56AB00958A5E /* UISystem in Frameworks */ = {isa = PBXBuildFile; productRef = 87A70E9827BC56AB00958A5E /* UISystem */; };
		87A70E9C27BC572E00958A5E /* ViewInspector in Frameworks */ = {isa = PBXBuildFile; productRef = 87A70E9B27BC572E00958A5E /* ViewInspector */; };
		87FF1D5427BC183A00A3235F /* TestMeSnapShotTests.swift in Sources */ = {isa = PBXBuildFile; fileRef = 87FF1D5327BC183A00A3235F /* TestMeSnapShotTests.swift */; };
		87FF1D6127BC184F00A3235F /* TestMeE2ETests.swift in Sources */ = {isa = PBXBuildFile; fileRef = 87FF1D6027BC184F00A3235F /* TestMeE2ETests.swift */; };
/* End PBXBuildFile section */

/* Begin PBXContainerItemProxy section */
		87775B0B27B2ACAA007BC20A /* PBXContainerItemProxy */ = {
			isa = PBXContainerItemProxy;
			containerPortal = 87775AF227B2AC9D007BC20A /* Project object */;
			proxyType = 1;
			remoteGlobalIDString = 87775AF927B2AC9D007BC20A;
			remoteInfo = TestMe;
		};
		87FF1D5527BC183A00A3235F /* PBXContainerItemProxy */ = {
			isa = PBXContainerItemProxy;
			containerPortal = 87775AF227B2AC9D007BC20A /* Project object */;
			proxyType = 1;
			remoteGlobalIDString = 87775AF927B2AC9D007BC20A;
			remoteInfo = TestMe;
		};
		87FF1D6227BC184F00A3235F /* PBXContainerItemProxy */ = {
			isa = PBXContainerItemProxy;
			containerPortal = 87775AF227B2AC9D007BC20A /* Project object */;
			proxyType = 1;
			remoteGlobalIDString = 87775AF927B2AC9D007BC20A;
			remoteInfo = TestMe;
		};
/* End PBXContainerItemProxy section */

/* Begin PBXFileReference section */
		87775AFA27B2AC9D007BC20A /* TestMe.app */ = {isa = PBXFileReference; explicitFileType = wrapper.application; includeInIndex = 0; path = TestMe.app; sourceTree = BUILT_PRODUCTS_DIR; };
		87775AFD27B2AC9D007BC20A /* TestMeApp.swift */ = {isa = PBXFileReference; lastKnownFileType = sourcecode.swift; path = TestMeApp.swift; sourceTree = "<group>"; };
		87775AFF27B2AC9D007BC20A /* ContentView.swift */ = {isa = PBXFileReference; lastKnownFileType = sourcecode.swift; path = ContentView.swift; sourceTree = "<group>"; };
		87775B0127B2ACAA007BC20A /* Assets.xcassets */ = {isa = PBXFileReference; lastKnownFileType = folder.assetcatalog; path = Assets.xcassets; sourceTree = "<group>"; };
		87775B0427B2ACAA007BC20A /* Preview Assets.xcassets */ = {isa = PBXFileReference; lastKnownFileType = folder.assetcatalog; path = "Preview Assets.xcassets"; sourceTree = "<group>"; };
		87775B0A27B2ACAA007BC20A /* TestMeTests.xctest */ = {isa = PBXFileReference; explicitFileType = wrapper.cfbundle; includeInIndex = 0; path = TestMeTests.xctest; sourceTree = BUILT_PRODUCTS_DIR; };
		87775B0E27B2ACAA007BC20A /* TestMeTests.swift */ = {isa = PBXFileReference; lastKnownFileType = sourcecode.swift; path = TestMeTests.swift; sourceTree = "<group>"; };
		87775B6427B40769007BC20A /* TestClass.swift */ = {isa = PBXFileReference; lastKnownFileType = sourcecode.swift; path = TestClass.swift; sourceTree = "<group>"; };
		87A70E9527BC556300958A5E /* UISystem */ = {isa = PBXFileReference; lastKnownFileType = wrapper; name = UISystem; path = modules/UISystem; sourceTree = "<group>"; };
		87FF1D5127BC183A00A3235F /* TestMeSnapShotTests.xctest */ = {isa = PBXFileReference; explicitFileType = wrapper.cfbundle; includeInIndex = 0; path = TestMeSnapShotTests.xctest; sourceTree = BUILT_PRODUCTS_DIR; };
		87FF1D5327BC183A00A3235F /* TestMeSnapShotTests.swift */ = {isa = PBXFileReference; lastKnownFileType = sourcecode.swift; path = TestMeSnapShotTests.swift; sourceTree = "<group>"; };
		87FF1D5E27BC184F00A3235F /* TestMeE2ETests.xctest */ = {isa = PBXFileReference; explicitFileType = wrapper.cfbundle; includeInIndex = 0; path = TestMeE2ETests.xctest; sourceTree = BUILT_PRODUCTS_DIR; };
		87FF1D6027BC184F00A3235F /* TestMeE2ETests.swift */ = {isa = PBXFileReference; lastKnownFileType = sourcecode.swift; path = TestMeE2ETests.swift; sourceTree = "<group>"; };
/* End PBXFileReference section */

/* Begin PBXFrameworksBuildPhase section */
		87775AF727B2AC9D007BC20A /* Frameworks */ = {
			isa = PBXFrameworksBuildPhase;
			buildActionMask = 2147483647;
			files = (
				87A70E9927BC56AB00958A5E /* UISystem in Frameworks */,
			);
			runOnlyForDeploymentPostprocessing = 0;
		};
		87775B0727B2ACAA007BC20A /* Frameworks */ = {
			isa = PBXFrameworksBuildPhase;
			buildActionMask = 2147483647;
			files = (
			);
			runOnlyForDeploymentPostprocessing = 0;
		};
		87FF1D4E27BC183A00A3235F /* Frameworks */ = {
			isa = PBXFrameworksBuildPhase;
			buildActionMask = 2147483647;
			files = (
			);
			runOnlyForDeploymentPostprocessing = 0;
		};
		87FF1D5B27BC184F00A3235F /* Frameworks */ = {
			isa = PBXFrameworksBuildPhase;
			buildActionMask = 2147483647;
			files = (
				87A70E9C27BC572E00958A5E /* ViewInspector in Frameworks */,
			);
			runOnlyForDeploymentPostprocessing = 0;
		};
/* End PBXFrameworksBuildPhase section */

/* Begin PBXGroup section */
		87775AF127B2AC9D007BC20A = {
			isa = PBXGroup;
			children = (
				87FF1D7727BC229200A3235F /* Packages */,
				87775AFC27B2AC9D007BC20A /* TestMe */,
				87775B0D27B2ACAA007BC20A /* TestMeTests */,
				87FF1D5227BC183A00A3235F /* TestMeSnapShotTests */,
				87FF1D5F27BC184F00A3235F /* TestMeE2ETests */,
				87775AFB27B2AC9D007BC20A /* Products */,
				87FF1D6727BC189C00A3235F /* Frameworks */,
			);
			sourceTree = "<group>";
		};
		87775AFB27B2AC9D007BC20A /* Products */ = {
			isa = PBXGroup;
			children = (
				87775AFA27B2AC9D007BC20A /* TestMe.app */,
				87775B0A27B2ACAA007BC20A /* TestMeTests.xctest */,
				87FF1D5127BC183A00A3235F /* TestMeSnapShotTests.xctest */,
				87FF1D5E27BC184F00A3235F /* TestMeE2ETests.xctest */,
			);
			name = Products;
			sourceTree = "<group>";
		};
		87775AFC27B2AC9D007BC20A /* TestMe */ = {
			isa = PBXGroup;
			children = (
				87775AFD27B2AC9D007BC20A /* TestMeApp.swift */,
				87775AFF27B2AC9D007BC20A /* ContentView.swift */,
				87775B6427B40769007BC20A /* TestClass.swift */,
				87775B0127B2ACAA007BC20A /* Assets.xcassets */,
				87775B0327B2ACAA007BC20A /* Preview Content */,
			);
			path = TestMe;
			sourceTree = "<group>";
		};
		87775B0327B2ACAA007BC20A /* Preview Content */ = {
			isa = PBXGroup;
			children = (
				87775B0427B2ACAA007BC20A /* Preview Assets.xcassets */,
			);
			path = "Preview Content";
			sourceTree = "<group>";
		};
		87775B0D27B2ACAA007BC20A /* TestMeTests */ = {
			isa = PBXGroup;
			children = (
				87775B0E27B2ACAA007BC20A /* TestMeTests.swift */,
			);
			path = TestMeTests;
			sourceTree = "<group>";
		};
		87FF1D5227BC183A00A3235F /* TestMeSnapShotTests */ = {
			isa = PBXGroup;
			children = (
				87FF1D5327BC183A00A3235F /* TestMeSnapShotTests.swift */,
			);
			path = TestMeSnapShotTests;
			sourceTree = "<group>";
		};
		87FF1D5F27BC184F00A3235F /* TestMeE2ETests */ = {
			isa = PBXGroup;
			children = (
				87FF1D6027BC184F00A3235F /* TestMeE2ETests.swift */,
			);
			path = TestMeE2ETests;
			sourceTree = "<group>";
		};
		87FF1D6727BC189C00A3235F /* Frameworks */ = {
			isa = PBXGroup;
			children = (
			);
			name = Frameworks;
			sourceTree = "<group>";
		};
		87FF1D7727BC229200A3235F /* Packages */ = {
			isa = PBXGroup;
			children = (
				87A70E9527BC556300958A5E /* UISystem */,
			);
			name = Packages;
			sourceTree = "<group>";
		};
/* End PBXGroup section */

/* Begin PBXNativeTarget section */
		87775AF927B2AC9D007BC20A /* TestMe */ = {
			isa = PBXNativeTarget;
			buildConfigurationList = 87775B1E27B2ACAB007BC20A /* Build configuration list for PBXNativeTarget "TestMe" */;
			buildPhases = (
				87775AF627B2AC9D007BC20A /* Sources */,
				87775AF727B2AC9D007BC20A /* Frameworks */,
				87775AF827B2AC9D007BC20A /* Resources */,
			);
			buildRules = (
			);
			dependencies = (
			);
			name = TestMe;
			packageProductDependencies = (
				87A70E9827BC56AB00958A5E /* UISystem */,
			);
			productName = TestMe;
			productReference = 87775AFA27B2AC9D007BC20A /* TestMe.app */;
			productType = "com.apple.product-type.application";
		};
		87775B0927B2ACAA007BC20A /* TestMeTests */ = {
			isa = PBXNativeTarget;
			buildConfigurationList = 87775B2127B2ACAB007BC20A /* Build configuration list for PBXNativeTarget "TestMeTests" */;
			buildPhases = (
				87775B0627B2ACAA007BC20A /* Sources */,
				87775B0727B2ACAA007BC20A /* Frameworks */,
				87775B0827B2ACAA007BC20A /* Resources */,
			);
			buildRules = (
			);
			dependencies = (
				87775B0C27B2ACAA007BC20A /* PBXTargetDependency */,
			);
			name = TestMeTests;
			packageProductDependencies = (
			);
			productName = TestMeTests;
			productReference = 87775B0A27B2ACAA007BC20A /* TestMeTests.xctest */;
			productType = "com.apple.product-type.bundle.unit-test";
		};
		87FF1D5027BC183A00A3235F /* TestMeSnapShotTests */ = {
			isa = PBXNativeTarget;
			buildConfigurationList = 87FF1D5727BC183A00A3235F /* Build configuration list for PBXNativeTarget "TestMeSnapShotTests" */;
			buildPhases = (
				87FF1D4D27BC183A00A3235F /* Sources */,
				87FF1D4E27BC183A00A3235F /* Frameworks */,
				87FF1D4F27BC183A00A3235F /* Resources */,
			);
			buildRules = (
			);
			dependencies = (
				87FF1D5627BC183A00A3235F /* PBXTargetDependency */,
			);
			name = TestMeSnapShotTests;
			packageProductDependencies = (
			);
			productName = TestMeSnapShotTests;
			productReference = 87FF1D5127BC183A00A3235F /* TestMeSnapShotTests.xctest */;
			productType = "com.apple.product-type.bundle.unit-test";
		};
		87FF1D5D27BC184F00A3235F /* TestMeE2ETests */ = {
			isa = PBXNativeTarget;
			buildConfigurationList = 87FF1D6427BC184F00A3235F /* Build configuration list for PBXNativeTarget "TestMeE2ETests" */;
			buildPhases = (
				87FF1D5A27BC184F00A3235F /* Sources */,
				87FF1D5B27BC184F00A3235F /* Frameworks */,
				87FF1D5C27BC184F00A3235F /* Resources */,
			);
			buildRules = (
			);
			dependencies = (
				87FF1D6327BC184F00A3235F /* PBXTargetDependency */,
			);
			name = TestMeE2ETests;
			packageProductDependencies = (
				87A70E9B27BC572E00958A5E /* ViewInspector */,
			);
			productName = TestMeE2ETests;
			productReference = 87FF1D5E27BC184F00A3235F /* TestMeE2ETests.xctest */;
			productType = "com.apple.product-type.bundle.unit-test";
		};
/* End PBXNativeTarget section */

/* Begin PBXProject section */
		87775AF227B2AC9D007BC20A /* Project object */ = {
			isa = PBXProject;
			attributes = {
				BuildIndependentTargetsInParallel = 1;
				LastSwiftUpdateCheck = 1320;
				LastUpgradeCheck = 1320;
				TargetAttributes = {
					87775AF927B2AC9D007BC20A = {
						CreatedOnToolsVersion = 13.2.1;
					};
					87775B0927B2ACAA007BC20A = {
						CreatedOnToolsVersion = 13.2.1;
						TestTargetID = 87775AF927B2AC9D007BC20A;
					};
					87FF1D5027BC183A00A3235F = {
						CreatedOnToolsVersion = 13.2.1;
						TestTargetID = 87775AF927B2AC9D007BC20A;
					};
					87FF1D5D27BC184F00A3235F = {
						CreatedOnToolsVersion = 13.2.1;
						TestTargetID = 87775AF927B2AC9D007BC20A;
					};
				};
			};
			buildConfigurationList = 87775AF527B2AC9D007BC20A /* Build configuration list for PBXProject "TestMe" */;
			compatibilityVersion = "Xcode 13.0";
			developmentRegion = en;
			hasScannedForEncodings = 0;
			knownRegions = (
				en,
				Base,
			);
			mainGroup = 87775AF127B2AC9D007BC20A;
			packageReferences = (
				87A70E9A27BC572E00958A5E /* XCRemoteSwiftPackageReference "ViewInspector" */,
			);
			productRefGroup = 87775AFB27B2AC9D007BC20A /* Products */;
			projectDirPath = "";
			projectRoot = "";
			targets = (
				87775AF927B2AC9D007BC20A /* TestMe */,
				87775B0927B2ACAA007BC20A /* TestMeTests */,
				87FF1D5027BC183A00A3235F /* TestMeSnapShotTests */,
				87FF1D5D27BC184F00A3235F /* TestMeE2ETests */,
			);
		};
/* End PBXProject section */

/* Begin PBXResourcesBuildPhase section */
		87775AF827B2AC9D007BC20A /* Resources */ = {
			isa = PBXResourcesBuildPhase;
			buildActionMask = 2147483647;
			files = (
				87775B0527B2ACAA007BC20A /* Preview Assets.xcassets in Resources */,
				87775B0227B2ACAA007BC20A /* Assets.xcassets in Resources */,
			);
			runOnlyForDeploymentPostprocessing = 0;
		};
		87775B0827B2ACAA007BC20A /* Resources */ = {
			isa = PBXResourcesBuildPhase;
			buildActionMask = 2147483647;
			files = (
			);
			runOnlyForDeploymentPostprocessing = 0;
		};
		87FF1D4F27BC183A00A3235F /* Resources */ = {
			isa = PBXResourcesBuildPhase;
			buildActionMask = 2147483647;
			files = (
			);
			runOnlyForDeploymentPostprocessing = 0;
		};
		87FF1D5C27BC184F00A3235F /* Resources */ = {
			isa = PBXResourcesBuildPhase;
			buildActionMask = 2147483647;
			files = (
			);
			runOnlyForDeploymentPostprocessing = 0;
		};
/* End PBXResourcesBuildPhase section */

/* Begin PBXSourcesBuildPhase section */
		87775AF627B2AC9D007BC20A /* Sources */ = {
			isa = PBXSourcesBuildPhase;
			buildActionMask = 2147483647;
			files = (
				87775B0027B2AC9D007BC20A /* ContentView.swift in Sources */,
				87775B6527B40769007BC20A /* TestClass.swift in Sources */,
				87775AFE27B2AC9D007BC20A /* TestMeApp.swift in Sources */,
			);
			runOnlyForDeploymentPostprocessing = 0;
		};
		87775B0627B2ACAA007BC20A /* Sources */ = {
			isa = PBXSourcesBuildPhase;
			buildActionMask = 2147483647;
			files = (
				87775B0F27B2ACAA007BC20A /* TestMeTests.swift in Sources */,
			);
			runOnlyForDeploymentPostprocessing = 0;
		};
		87FF1D4D27BC183A00A3235F /* Sources */ = {
			isa = PBXSourcesBuildPhase;
			buildActionMask = 2147483647;
			files = (
				87FF1D5427BC183A00A3235F /* TestMeSnapShotTests.swift in Sources */,
			);
			runOnlyForDeploymentPostprocessing = 0;
		};
		87FF1D5A27BC184F00A3235F /* Sources */ = {
			isa = PBXSourcesBuildPhase;
			buildActionMask = 2147483647;
			files = (
				87FF1D6127BC184F00A3235F /* TestMeE2ETests.swift in Sources */,
			);
			runOnlyForDeploymentPostprocessing = 0;
		};
/* End PBXSourcesBuildPhase section */

/* Begin PBXTargetDependency section */
		87775B0C27B2ACAA007BC20A /* PBXTargetDependency */ = {
			isa = PBXTargetDependency;
			target = 87775AF927B2AC9D007BC20A /* TestMe */;
			targetProxy = 87775B0B27B2ACAA007BC20A /* PBXContainerItemProxy */;
		};
		87FF1D5627BC183A00A3235F /* PBXTargetDependency */ = {
			isa = PBXTargetDependency;
			target = 87775AF927B2AC9D007BC20A /* TestMe */;
			targetProxy = 87FF1D5527BC183A00A3235F /* PBXContainerItemProxy */;
		};
		87FF1D6327BC184F00A3235F /* PBXTargetDependency */ = {
			isa = PBXTargetDependency;
			target = 87775AF927B2AC9D007BC20A /* TestMe */;
			targetProxy = 87FF1D6227BC184F00A3235F /* PBXContainerItemProxy */;
		};
/* End PBXTargetDependency section */

/* Begin XCBuildConfiguration section */
		87775B1C27B2ACAB007BC20A /* Debug */ = {
			isa = XCBuildConfiguration;
			buildSettings = {
				ALWAYS_SEARCH_USER_PATHS = NO;
				CLANG_ANALYZER_NONNULL = YES;
				CLANG_ANALYZER_NUMBER_OBJECT_CONVERSION = YES_AGGRESSIVE;
				CLANG_CXX_LANGUAGE_STANDARD = "gnu++17";
				CLANG_CXX_LIBRARY = "libc++";
				CLANG_ENABLE_MODULES = YES;
				CLANG_ENABLE_OBJC_ARC = YES;
				CLANG_ENABLE_OBJC_WEAK = YES;
				CLANG_WARN_BLOCK_CAPTURE_AUTORELEASING = YES;
				CLANG_WARN_BOOL_CONVERSION = YES;
				CLANG_WARN_COMMA = YES;
				CLANG_WARN_CONSTANT_CONVERSION = YES;
				CLANG_WARN_DEPRECATED_OBJC_IMPLEMENTATIONS = YES;
				CLANG_WARN_DIRECT_OBJC_ISA_USAGE = YES_ERROR;
				CLANG_WARN_DOCUMENTATION_COMMENTS = YES;
				CLANG_WARN_EMPTY_BODY = YES;
				CLANG_WARN_ENUM_CONVERSION = YES;
				CLANG_WARN_INFINITE_RECURSION = YES;
				CLANG_WARN_INT_CONVERSION = YES;
				CLANG_WARN_NON_LITERAL_NULL_CONVERSION = YES;
				CLANG_WARN_OBJC_IMPLICIT_RETAIN_SELF = YES;
				CLANG_WARN_OBJC_LITERAL_CONVERSION = YES;
				CLANG_WARN_OBJC_ROOT_CLASS = YES_ERROR;
				CLANG_WARN_QUOTED_INCLUDE_IN_FRAMEWORK_HEADER = YES;
				CLANG_WARN_RANGE_LOOP_ANALYSIS = YES;
				CLANG_WARN_STRICT_PROTOTYPES = YES;
				CLANG_WARN_SUSPICIOUS_MOVE = YES;
				CLANG_WARN_UNGUARDED_AVAILABILITY = YES_AGGRESSIVE;
				CLANG_WARN_UNREACHABLE_CODE = YES;
				CLANG_WARN__DUPLICATE_METHOD_MATCH = YES;
				COPY_PHASE_STRIP = NO;
				DEBUG_INFORMATION_FORMAT = dwarf;
				ENABLE_STRICT_OBJC_MSGSEND = YES;
				ENABLE_TESTABILITY = YES;
				ENABLE_TESTING_SEARCH_PATHS = NO;
				GCC_C_LANGUAGE_STANDARD = gnu11;
				GCC_DYNAMIC_NO_PIC = NO;
				GCC_NO_COMMON_BLOCKS = YES;
				GCC_OPTIMIZATION_LEVEL = 0;
				GCC_PREPROCESSOR_DEFINITIONS = (
					"DEBUG=1",
					"$(inherited)",
				);
				GCC_WARN_64_TO_32_BIT_CONVERSION = YES;
				GCC_WARN_ABOUT_RETURN_TYPE = YES_ERROR;
				GCC_WARN_UNDECLARED_SELECTOR = YES;
				GCC_WARN_UNINITIALIZED_AUTOS = YES_AGGRESSIVE;
				GCC_WARN_UNUSED_FUNCTION = YES;
				GCC_WARN_UNUSED_VARIABLE = YES;
				IPHONEOS_DEPLOYMENT_TARGET = 15.2;
				MTL_ENABLE_DEBUG_INFO = INCLUDE_SOURCE;
				MTL_FAST_MATH = YES;
				ONLY_ACTIVE_ARCH = YES;
				SDKROOT = iphoneos;
				SWIFT_ACTIVE_COMPILATION_CONDITIONS = DEBUG;
				SWIFT_OPTIMIZATION_LEVEL = "-Onone";
			};
			name = Debug;
		};
		87775B1D27B2ACAB007BC20A /* Release */ = {
			isa = XCBuildConfiguration;
			buildSettings = {
				ALWAYS_SEARCH_USER_PATHS = NO;
				CLANG_ANALYZER_NONNULL = YES;
				CLANG_ANALYZER_NUMBER_OBJECT_CONVERSION = YES_AGGRESSIVE;
				CLANG_CXX_LANGUAGE_STANDARD = "gnu++17";
				CLANG_CXX_LIBRARY = "libc++";
				CLANG_ENABLE_MODULES = YES;
				CLANG_ENABLE_OBJC_ARC = YES;
				CLANG_ENABLE_OBJC_WEAK = YES;
				CLANG_WARN_BLOCK_CAPTURE_AUTORELEASING = YES;
				CLANG_WARN_BOOL_CONVERSION = YES;
				CLANG_WARN_COMMA = YES;
				CLANG_WARN_CONSTANT_CONVERSION = YES;
				CLANG_WARN_DEPRECATED_OBJC_IMPLEMENTATIONS = YES;
				CLANG_WARN_DIRECT_OBJC_ISA_USAGE = YES_ERROR;
				CLANG_WARN_DOCUMENTATION_COMMENTS = YES;
				CLANG_WARN_EMPTY_BODY = YES;
				CLANG_WARN_ENUM_CONVERSION = YES;
				CLANG_WARN_INFINITE_RECURSION = YES;
				CLANG_WARN_INT_CONVERSION = YES;
				CLANG_WARN_NON_LITERAL_NULL_CONVERSION = YES;
				CLANG_WARN_OBJC_IMPLICIT_RETAIN_SELF = YES;
				CLANG_WARN_OBJC_LITERAL_CONVERSION = YES;
				CLANG_WARN_OBJC_ROOT_CLASS = YES_ERROR;
				CLANG_WARN_QUOTED_INCLUDE_IN_FRAMEWORK_HEADER = YES;
				CLANG_WARN_RANGE_LOOP_ANALYSIS = YES;
				CLANG_WARN_STRICT_PROTOTYPES = YES;
				CLANG_WARN_SUSPICIOUS_MOVE = YES;
				CLANG_WARN_UNGUARDED_AVAILABILITY = YES_AGGRESSIVE;
				CLANG_WARN_UNREACHABLE_CODE = YES;
				CLANG_WARN__DUPLICATE_METHOD_MATCH = YES;
				COPY_PHASE_STRIP = NO;
				DEBUG_INFORMATION_FORMAT = "dwarf-with-dsym";
				ENABLE_NS_ASSERTIONS = NO;
				ENABLE_STRICT_OBJC_MSGSEND = YES;
				ENABLE_TESTING_SEARCH_PATHS = NO;
				GCC_C_LANGUAGE_STANDARD = gnu11;
				GCC_NO_COMMON_BLOCKS = YES;
				GCC_WARN_64_TO_32_BIT_CONVERSION = YES;
				GCC_WARN_ABOUT_RETURN_TYPE = YES_ERROR;
				GCC_WARN_UNDECLARED_SELECTOR = YES;
				GCC_WARN_UNINITIALIZED_AUTOS = YES_AGGRESSIVE;
				GCC_WARN_UNUSED_FUNCTION = YES;
				GCC_WARN_UNUSED_VARIABLE = YES;
				IPHONEOS_DEPLOYMENT_TARGET = 15.2;
				MTL_ENABLE_DEBUG_INFO = NO;
				MTL_FAST_MATH = YES;
				SDKROOT = iphoneos;
				SWIFT_COMPILATION_MODE = wholemodule;
				SWIFT_OPTIMIZATION_LEVEL = "-O";
				VALIDATE_PRODUCT = YES;
			};
			name = Release;
		};
		87775B1F27B2ACAB007BC20A /* Debug */ = {
			isa = XCBuildConfiguration;
			buildSettings = {
				ASSETCATALOG_COMPILER_APPICON_NAME = AppIcon;
				ASSETCATALOG_COMPILER_GLOBAL_ACCENT_COLOR_NAME = AccentColor;
				CODE_SIGN_STYLE = Automatic;
				CURRENT_PROJECT_VERSION = 1;
				DEVELOPMENT_ASSET_PATHS = "\"TestMe/Preview Content\"";
				DEVELOPMENT_TEAM = JG4TU5Z5P9;
				ENABLE_PREVIEWS = YES;
				ENABLE_TESTING_SEARCH_PATHS = NO;
				GENERATE_INFOPLIST_FILE = YES;
				INFOPLIST_KEY_UIApplicationSceneManifest_Generation = YES;
				INFOPLIST_KEY_UIApplicationSupportsIndirectInputEvents = YES;
				INFOPLIST_KEY_UILaunchScreen_Generation = YES;
				INFOPLIST_KEY_UISupportedInterfaceOrientations_iPad = "UIInterfaceOrientationPortrait UIInterfaceOrientationPortraitUpsideDown UIInterfaceOrientationLandscapeLeft UIInterfaceOrientationLandscapeRight";
				INFOPLIST_KEY_UISupportedInterfaceOrientations_iPhone = "UIInterfaceOrientationPortrait UIInterfaceOrientationLandscapeLeft UIInterfaceOrientationLandscapeRight";
				LD_RUNPATH_SEARCH_PATHS = (
					"$(inherited)",
					"@executable_path/Frameworks",
				);
				MARKETING_VERSION = 1.0;
				PRODUCT_BUNDLE_IDENTIFIER = com.bytdissident.testme.TestMe;
				PRODUCT_NAME = "$(TARGET_NAME)";
				SWIFT_EMIT_LOC_STRINGS = YES;
				SWIFT_VERSION = 5.0;
				TARGETED_DEVICE_FAMILY = "1,2";
			};
			name = Debug;
		};
		87775B2027B2ACAB007BC20A /* Release */ = {
			isa = XCBuildConfiguration;
			buildSettings = {
				ASSETCATALOG_COMPILER_APPICON_NAME = AppIcon;
				ASSETCATALOG_COMPILER_GLOBAL_ACCENT_COLOR_NAME = AccentColor;
				CODE_SIGN_STYLE = Automatic;
				CURRENT_PROJECT_VERSION = 1;
				DEVELOPMENT_ASSET_PATHS = "\"TestMe/Preview Content\"";
				DEVELOPMENT_TEAM = JG4TU5Z5P9;
				ENABLE_PREVIEWS = YES;
				ENABLE_TESTING_SEARCH_PATHS = NO;
				GENERATE_INFOPLIST_FILE = YES;
				INFOPLIST_KEY_UIApplicationSceneManifest_Generation = YES;
				INFOPLIST_KEY_UIApplicationSupportsIndirectInputEvents = YES;
				INFOPLIST_KEY_UILaunchScreen_Generation = YES;
				INFOPLIST_KEY_UISupportedInterfaceOrientations_iPad = "UIInterfaceOrientationPortrait UIInterfaceOrientationPortraitUpsideDown UIInterfaceOrientationLandscapeLeft UIInterfaceOrientationLandscapeRight";
				INFOPLIST_KEY_UISupportedInterfaceOrientations_iPhone = "UIInterfaceOrientationPortrait UIInterfaceOrientationLandscapeLeft UIInterfaceOrientationLandscapeRight";
				LD_RUNPATH_SEARCH_PATHS = (
					"$(inherited)",
					"@executable_path/Frameworks",
				);
				MARKETING_VERSION = 1.0;
				PRODUCT_BUNDLE_IDENTIFIER = com.bytdissident.testme.TestMe;
				PRODUCT_NAME = "$(TARGET_NAME)";
				SWIFT_EMIT_LOC_STRINGS = YES;
				SWIFT_VERSION = 5.0;
				TARGETED_DEVICE_FAMILY = "1,2";
			};
			name = Release;
		};
		87775B2227B2ACAB007BC20A /* Debug */ = {
			isa = XCBuildConfiguration;
			buildSettings = {
				ALWAYS_EMBED_SWIFT_STANDARD_LIBRARIES = YES;
				BUNDLE_LOADER = "$(TEST_HOST)";
				CODE_SIGN_STYLE = Automatic;
				CURRENT_PROJECT_VERSION = 1;
				DEVELOPMENT_TEAM = JG4TU5Z5P9;
				ENABLE_TESTING_SEARCH_PATHS = YES;
				GENERATE_INFOPLIST_FILE = YES;
				IPHONEOS_DEPLOYMENT_TARGET = 15.2;
				MARKETING_VERSION = 1.0;
				PRODUCT_BUNDLE_IDENTIFIER = com.bytdissident.testme.TestMeTests;
				PRODUCT_NAME = "$(TARGET_NAME)";
				SWIFT_EMIT_LOC_STRINGS = NO;
				SWIFT_VERSION = 5.0;
				TARGETED_DEVICE_FAMILY = "1,2";
				TEST_HOST = "$(BUILT_PRODUCTS_DIR)/TestMe.app/TestMe";
			};
			name = Debug;
		};
		87775B2327B2ACAB007BC20A /* Release */ = {
			isa = XCBuildConfiguration;
			buildSettings = {
				ALWAYS_EMBED_SWIFT_STANDARD_LIBRARIES = YES;
				BUNDLE_LOADER = "$(TEST_HOST)";
				CODE_SIGN_STYLE = Automatic;
				CURRENT_PROJECT_VERSION = 1;
				DEVELOPMENT_TEAM = JG4TU5Z5P9;
				ENABLE_TESTING_SEARCH_PATHS = YES;
				GENERATE_INFOPLIST_FILE = YES;
				IPHONEOS_DEPLOYMENT_TARGET = 15.2;
				MARKETING_VERSION = 1.0;
				PRODUCT_BUNDLE_IDENTIFIER = com.bytdissident.testme.TestMeTests;
				PRODUCT_NAME = "$(TARGET_NAME)";
				SWIFT_EMIT_LOC_STRINGS = NO;
				SWIFT_VERSION = 5.0;
				TARGETED_DEVICE_FAMILY = "1,2";
				TEST_HOST = "$(BUILT_PRODUCTS_DIR)/TestMe.app/TestMe";
			};
			name = Release;
		};
		87FF1D5827BC183A00A3235F /* Debug */ = {
			isa = XCBuildConfiguration;
			buildSettings = {
				BUNDLE_LOADER = "$(TEST_HOST)";
				CODE_SIGN_STYLE = Automatic;
				CURRENT_PROJECT_VERSION = 1;
				ENABLE_TESTING_SEARCH_PATHS = YES;
				GENERATE_INFOPLIST_FILE = YES;
				MARKETING_VERSION = 1.0;
				PRODUCT_BUNDLE_IDENTIFIER = vet.one.ios.TestMeSnapShotTests;
				PRODUCT_NAME = "$(TARGET_NAME)";
				SWIFT_EMIT_LOC_STRINGS = NO;
				SWIFT_VERSION = 5.0;
				TARGETED_DEVICE_FAMILY = "1,2";
				TEST_HOST = "$(BUILT_PRODUCTS_DIR)/TestMe.app/TestMe";
			};
			name = Debug;
		};
		87FF1D5927BC183A00A3235F /* Release */ = {
			isa = XCBuildConfiguration;
			buildSettings = {
				BUNDLE_LOADER = "$(TEST_HOST)";
				CODE_SIGN_STYLE = Automatic;
				CURRENT_PROJECT_VERSION = 1;
				ENABLE_TESTING_SEARCH_PATHS = YES;
				GENERATE_INFOPLIST_FILE = YES;
				MARKETING_VERSION = 1.0;
				PRODUCT_BUNDLE_IDENTIFIER = vet.one.ios.TestMeSnapShotTests;
				PRODUCT_NAME = "$(TARGET_NAME)";
				SWIFT_EMIT_LOC_STRINGS = NO;
				SWIFT_VERSION = 5.0;
				TARGETED_DEVICE_FAMILY = "1,2";
				TEST_HOST = "$(BUILT_PRODUCTS_DIR)/TestMe.app/TestMe";
			};
			name = Release;
		};
		87FF1D6527BC184F00A3235F /* Debug */ = {
			isa = XCBuildConfiguration;
			buildSettings = {
				BUNDLE_LOADER = "$(TEST_HOST)";
				CODE_SIGN_STYLE = Automatic;
				CURRENT_PROJECT_VERSION = 1;
				ENABLE_TESTING_SEARCH_PATHS = YES;
				GENERATE_INFOPLIST_FILE = YES;
				MARKETING_VERSION = 1.0;
				PRODUCT_BUNDLE_IDENTIFIER = vet.one.ios.TestMeE2ETests;
				PRODUCT_NAME = "$(TARGET_NAME)";
				SWIFT_EMIT_LOC_STRINGS = NO;
				SWIFT_VERSION = 5.0;
				TARGETED_DEVICE_FAMILY = "1,2";
				TEST_HOST = "$(BUILT_PRODUCTS_DIR)/TestMe.app/TestMe";
			};
			name = Debug;
		};
		87FF1D6627BC184F00A3235F /* Release */ = {
			isa = XCBuildConfiguration;
			buildSettings = {
				BUNDLE_LOADER = "$(TEST_HOST)";
				CODE_SIGN_STYLE = Automatic;
				CURRENT_PROJECT_VERSION = 1;
				ENABLE_TESTING_SEARCH_PATHS = YES;
				GENERATE_INFOPLIST_FILE = YES;
				MARKETING_VERSION = 1.0;
				PRODUCT_BUNDLE_IDENTIFIER = vet.one.ios.TestMeE2ETests;
				PRODUCT_NAME = "$(TARGET_NAME)";
				SWIFT_EMIT_LOC_STRINGS = NO;
				SWIFT_VERSION = 5.0;
				TARGETED_DEVICE_FAMILY = "1,2";
				TEST_HOST = "$(BUILT_PRODUCTS_DIR)/TestMe.app/TestMe";
			};
			name = Release;
		};
/* End XCBuildConfiguration section */

/* Begin XCConfigurationList section */
		87775AF527B2AC9D007BC20A /* Build configuration list for PBXProject "TestMe" */ = {
			isa = XCConfigurationList;
			buildConfigurations = (
				87775B1C27B2ACAB007BC20A /* Debug */,
				87775B1D27B2ACAB007BC20A /* Release */,
			);
			defaultConfigurationIsVisible = 0;
			defaultConfigurationName = Release;
		};
		87775B1E27B2ACAB007BC20A /* Build configuration list for PBXNativeTarget "TestMe" */ = {
			isa = XCConfigurationList;
			buildConfigurations = (
				87775B1F27B2ACAB007BC20A /* Debug */,
				87775B2027B2ACAB007BC20A /* Release */,
			);
			defaultConfigurationIsVisible = 0;
			defaultConfigurationName = Release;
		};
		87775B2127B2ACAB007BC20A /* Build configuration list for PBXNativeTarget "TestMeTests" */ = {
			isa = XCConfigurationList;
			buildConfigurations = (
				87775B2227B2ACAB007BC20A /* Debug */,
				87775B2327B2ACAB007BC20A /* Release */,
			);
			defaultConfigurationIsVisible = 0;
			defaultConfigurationName = Release;
		};
		87FF1D5727BC183A00A3235F /* Build configuration list for PBXNativeTarget "TestMeSnapShotTests" */ = {
			isa = XCConfigurationList;
			buildConfigurations = (
				87FF1D5827BC183A00A3235F /* Debug */,
				87FF1D5927BC183A00A3235F /* Release */,
			);
			defaultConfigurationIsVisible = 0;
			defaultConfigurationName = Release;
		};
		87FF1D6427BC184F00A3235F /* Build configuration list for PBXNativeTarget "TestMeE2ETests" */ = {
			isa = XCConfigurationList;
			buildConfigurations = (
				87FF1D6527BC184F00A3235F /* Debug */,
				87FF1D6627BC184F00A3235F /* Release */,
			);
			defaultConfigurationIsVisible = 0;
			defaultConfigurationName = Release;
		};
/* End XCConfigurationList section */

/* Begin XCRemoteSwiftPackageReference section */
		87A70E9A27BC572E00958A5E /* XCRemoteSwiftPackageReference "ViewInspector" */ = {
			isa = XCRemoteSwiftPackageReference;
			repositoryURL = "https://github.com/nalexn/ViewInspector";
			requirement = {
				kind = upToNextMajorVersion;
				minimumVersion = 0.9.1;
			};
		};
/* End XCRemoteSwiftPackageReference section */

/* Begin XCSwiftPackageProductDependency section */
		87A70E9827BC56AB00958A5E /* UISystem */ = {
			isa = XCSwiftPackageProductDependency;
			productName = UISystem;
		};
		87A70E9B27BC572E00958A5E /* ViewInspector */ = {
			isa = XCSwiftPackageProductDependency;
			package = 87A70E9A27BC572E00958A5E /* XCRemoteSwiftPackageReference "ViewInspector" */;
			productName = ViewInspector;
		};
/* End XCSwiftPackageProductDependency section */
	};
	rootObject = 87775AF227B2AC9D007BC20A /* Project object */;
}
